
Microsoft Visual Studio Solution File, Format Version 12.00
# Visual Studio Version 16
VisualStudioVersion = 16.0.30621.155
MinimumVisualStudioVersion = 10.0.40219.1
Project("{FAE04EC0-301F-11D3-BF4B-00C04F79EFBC}") = "baimau", "baimau\baimau.csproj", "{475C9947-46E5-4B2A-B87A-1588EDB404DF}"
EndProject
Global
	GlobalSection(SolutionConfigurationPlatforms) = preSolution
		Debug|Any CPU = Debug|Any CPU
		Release|Any CPU = Release|Any CPU
	EndGlobalSection
	GlobalSection(ProjectConfigurationPlatforms) = postSolution
		{475C9947-46E5-4B2A-B87A-1588EDB404DF}.Debug|Any CPU.ActiveCfg = Debug|Any CPU
		{475C9947-46E5-4B2A-B87A-1588EDB404DF}.Debug|Any CPU.Build.0 = Debug|Any CPU
		{475C9947-46E5-4B2A-B87A-1588EDB404DF}.Release|Any CPU.ActiveCfg = Release|Any CPU
		{475C9947-46E5-4B2A-B87A-1588EDB404DF}.Release|Any CPU.Build.0 = Release|Any CPU
	EndGlobalSection
	GlobalSection(SolutionProperties) = preSolution
		HideSolutionNode = FALSE
	EndGlobalSection
	GlobalSection(ExtensibilityGlobals) = postSolution
		SolutionGuid = {3E76F47B-F6A3-4DC6-BDB4-B88FEF1B45A2}
	EndGlobalSection
EndGlobal
